{
  "lockfileVersion": 1,
  "workspaces": {
    "": {
      "name": "jsonresume-theme-cappuccino",
      "dependencies": {
        "@tabler/icons-react": "^3.34.0",
        "react": "^19.1.0",
        "react-dom": "^19.1.0",
        "tailwindcss": "^4.1.11",
      },
      "devDependencies": {
        "@adamhl8/configs": "^0.9.1",
        "@biomejs/biome": "^2.1.1",
        "@tailwindcss/cli": "^4.1.11",
        "@types/bun": "latest",
        "@types/react": "^19.1.8",
        "@types/react-dom": "^19.1.6",
        "@typescript/native-preview": "^7.0.0-dev.20250711.1",
        "json-schema-to-typescript": "^15.0.4",
        "resumed": "^6.0.0",
        "tsc-alias": "^1.8.16",
        "typescript": "^5.8.3",
      },
    },
  },
  "packages": {
    "@adamhl8/configs": ["@adamhl8/configs@0.9.1", "", { "dependencies": { "@prettier/plugin-xml": "^3.4.2", "prettier-plugin-astro": "^0.14.1", "prettier-plugin-sh": "^0.18.0", "prettier-plugin-tailwindcss": "^0.6.13", "prettier-plugin-toml": "^2.0.5" } }, "sha512-m6bwdY5tPPuMoCvXphfPWL9fS5YJetGCBSAKbfyJKpnyvGcJv1lHC8k+8Swmj5g2Ia9JIYpm6mqhPDY8+91RbQ=="],

    "@ampproject/remapping": ["@ampproject/remapping@2.3.0", "", { "dependencies": { "@jridgewell/gen-mapping": "^0.3.5", "@jridgewell/trace-mapping": "^0.3.24" } }, "sha512-30iZtAPgz+LTIYoeivqYo853f02jBYSd5uGnGpkFV0M3xOt9aN73erkgYAmZU43x4VfqcnLxW9Kpg3R5LC4YYw=="],

    "@apidevtools/json-schema-ref-parser": ["@apidevtools/json-schema-ref-parser@11.9.3", "", { "dependencies": { "@jsdevtools/ono": "^7.1.3", "@types/json-schema": "^7.0.15", "js-yaml": "^4.1.0" } }, "sha512-60vepv88RwcJtSHrD6MjIL6Ta3SOYbgfnkHb+ppAVK+o9mXprRtulx7VlRl3lN3bbvysAfCS7WMVfhUYemB0IQ=="],

    "@astrojs/compiler": ["@astrojs/compiler@2.12.2", "", {}, "sha512-w2zfvhjNCkNMmMMOn5b0J8+OmUaBL1o40ipMvqcG6NRpdC+lKxmTi48DT8Xw0SzJ3AfmeFLB45zXZXtmbsjcgw=="],

    "@biomejs/biome": ["@biomejs/biome@2.1.1", "", { "optionalDependencies": { "@biomejs/cli-darwin-arm64": "2.1.1", "@biomejs/cli-darwin-x64": "2.1.1", "@biomejs/cli-linux-arm64": "2.1.1", "@biomejs/cli-linux-arm64-musl": "2.1.1", "@biomejs/cli-linux-x64": "2.1.1", "@biomejs/cli-linux-x64-musl": "2.1.1", "@biomejs/cli-win32-arm64": "2.1.1", "@biomejs/cli-win32-x64": "2.1.1" }, "bin": { "biome": "bin/biome" } }, "sha512-HFGYkxG714KzG+8tvtXCJ1t1qXQMzgWzfvQaUjxN6UeKv+KvMEuliInnbZLJm6DXFXwqVi6446EGI0sGBLIYng=="],

    "@biomejs/cli-darwin-arm64": ["@biomejs/cli-darwin-arm64@2.1.1", "", { "os": "darwin", "cpu": "arm64" }, "sha512-2Muinu5ok4tWxq4nu5l19el48cwCY/vzvI7Vjbkf3CYIQkjxZLyj0Ad37Jv2OtlXYaLvv+Sfu1hFeXt/JwRRXQ=="],

    "@biomejs/cli-darwin-x64": ["@biomejs/cli-darwin-x64@2.1.1", "", { "os": "darwin", "cpu": "x64" }, "sha512-cC8HM5lrgKQXLAK+6Iz2FrYW5A62pAAX6KAnRlEyLb+Q3+Kr6ur/sSuoIacqlp1yvmjHJqjYfZjPvHWnqxoEIA=="],

    "@biomejs/cli-linux-arm64": ["@biomejs/cli-linux-arm64@2.1.1", "", { "os": "linux", "cpu": "arm64" }, "sha512-tw4BEbhAUkWPe4WBr6IX04DJo+2jz5qpPzpW/SWvqMjb9QuHY8+J0M23V8EPY/zWU4IG8Ui0XESapR1CB49Q7g=="],

    "@biomejs/cli-linux-arm64-musl": ["@biomejs/cli-linux-arm64-musl@2.1.1", "", { "os": "linux", "cpu": "arm64" }, "sha512-/7FBLnTswu4jgV9ttI3AMIdDGqVEPIZd8I5u2D4tfCoj8rl9dnjrEQbAIDlWhUXdyWlFSz8JypH3swU9h9P+2A=="],

    "@biomejs/cli-linux-x64": ["@biomejs/cli-linux-x64@2.1.1", "", { "os": "linux", "cpu": "x64" }, "sha512-3WJ1GKjU7NzZb6RTbwLB59v9cTIlzjbiFLDB0z4376TkDqoNYilJaC37IomCr/aXwuU8QKkrYoHrgpSq5ffJ4Q=="],

    "@biomejs/cli-linux-x64-musl": ["@biomejs/cli-linux-x64-musl@2.1.1", "", { "os": "linux", "cpu": "x64" }, "sha512-kUu+loNI3OCD2c12cUt7M5yaaSjDnGIksZwKnueubX6c/HWUyi/0mPbTBHR49Me3F0KKjWiKM+ZOjsmC+lUt9g=="],

    "@biomejs/cli-win32-arm64": ["@biomejs/cli-win32-arm64@2.1.1", "", { "os": "win32", "cpu": "arm64" }, "sha512-vEHK0v0oW+E6RUWLoxb2isI3rZo57OX9ZNyyGH701fZPj6Il0Rn1f5DMNyCmyflMwTnIQstEbs7n2BxYSqQx4Q=="],

    "@biomejs/cli-win32-x64": ["@biomejs/cli-win32-x64@2.1.1", "", { "os": "win32", "cpu": "x64" }, "sha512-i2PKdn70kY++KEF/zkQFvQfX1e8SkA8hq4BgC+yE9dZqyLzB/XStY2MvwI3qswlRgnGpgncgqe0QYKVS1blksg=="],

    "@isaacs/fs-minipass": ["@isaacs/fs-minipass@4.0.1", "", { "dependencies": { "minipass": "^7.0.4" } }, "sha512-wgm9Ehl2jpeqP3zw/7mo3kRHFp5MEDhqAdwy1fTGkHAwnkGOVsgpvQhL8B5n1qlb01jV3n/bI0ZfZp5lWA1k4w=="],

    "@jridgewell/gen-mapping": ["@jridgewell/gen-mapping@0.3.12", "", { "dependencies": { "@jridgewell/sourcemap-codec": "^1.5.0", "@jridgewell/trace-mapping": "^0.3.24" } }, "sha512-OuLGC46TjB5BbN1dH8JULVVZY4WTdkF7tV9Ys6wLL1rubZnCMstOhNHueU5bLCrnRuDhKPDM4g6sw4Bel5Gzqg=="],

    "@jridgewell/resolve-uri": ["@jridgewell/resolve-uri@3.1.2", "", {}, "sha512-bRISgCIjP20/tbWSPWMEi54QVPRZExkuD9lJL+UIxUKtwVJA8wW1Trb1jMs1RFXo1CBTNZ/5hpC9QvmKWdopKw=="],

    "@jridgewell/sourcemap-codec": ["@jridgewell/sourcemap-codec@1.5.4", "", {}, "sha512-VT2+G1VQs/9oz078bLrYbecdZKs912zQlkelYpuf+SXF+QvZDYJlbx/LSx+meSAwdDFnF8FVXW92AVjjkVmgFw=="],

    "@jridgewell/trace-mapping": ["@jridgewell/trace-mapping@0.3.29", "", { "dependencies": { "@jridgewell/resolve-uri": "^3.1.0", "@jridgewell/sourcemap-codec": "^1.4.14" } }, "sha512-uw6guiW/gcAGPDhLmd77/6lW8QLeiV5RUTsAX46Db6oLhGaVj4lhnPwb184s1bkc8kdVg/+h988dro8GRDpmYQ=="],

    "@jsdevtools/ono": ["@jsdevtools/ono@7.1.3", "", {}, "sha512-4JQNk+3mVzK3xh2rqd6RB4J46qUR19azEHBneZyTZM+c456qOrbbM/5xcR8huNCCcbVt7+UmizG6GuUvPvKUYg=="],

    "@jsonresume/schema": ["@jsonresume/schema@1.2.1", "", { "dependencies": { "jsonschema": "^1.4.1" } }, "sha512-kcst3WFNz+ACZnazWSHgI8hiooSuBH/j+TdduJ6LqMEoE+Kni1wDbrINkAzTR72D+gc1GEG4I/HRTqoa5dMJiA=="],

    "@nodelib/fs.scandir": ["@nodelib/fs.scandir@2.1.5", "", { "dependencies": { "@nodelib/fs.stat": "2.0.5", "run-parallel": "^1.1.9" } }, "sha512-vq24Bq3ym5HEQm2NKCr3yXDwjc7vTsEThRDnkp2DK9p1uqLR+DHurm/NOTo0KG7HYHU7eppKZj3MyqYuMBf62g=="],

    "@nodelib/fs.stat": ["@nodelib/fs.stat@2.0.5", "", {}, "sha512-RkhPPp2zrqDAQA/2jNhnztcPAlv64XdhIp7a7454A5ovI7Bukxgt7MX7udwAu3zg1DcpPU0rz3VV1SeaqvY4+A=="],

    "@nodelib/fs.walk": ["@nodelib/fs.walk@1.2.8", "", { "dependencies": { "@nodelib/fs.scandir": "2.1.5", "fastq": "^1.6.0" } }, "sha512-oGB+UxlgWcgQkgwo8GcEGwemoTFt3FIO9ababBmaGwXIoBKZ+GTy0pP185beGg7Llih/NSHSV2XAs1lnznocSg=="],

    "@parcel/watcher": ["@parcel/watcher@2.5.1", "", { "dependencies": { "detect-libc": "^1.0.3", "is-glob": "^4.0.3", "micromatch": "^4.0.5", "node-addon-api": "^7.0.0" }, "optionalDependencies": { "@parcel/watcher-android-arm64": "2.5.1", "@parcel/watcher-darwin-arm64": "2.5.1", "@parcel/watcher-darwin-x64": "2.5.1", "@parcel/watcher-freebsd-x64": "2.5.1", "@parcel/watcher-linux-arm-glibc": "2.5.1", "@parcel/watcher-linux-arm-musl": "2.5.1", "@parcel/watcher-linux-arm64-glibc": "2.5.1", "@parcel/watcher-linux-arm64-musl": "2.5.1", "@parcel/watcher-linux-x64-glibc": "2.5.1", "@parcel/watcher-linux-x64-musl": "2.5.1", "@parcel/watcher-win32-arm64": "2.5.1", "@parcel/watcher-win32-ia32": "2.5.1", "@parcel/watcher-win32-x64": "2.5.1" } }, "sha512-dfUnCxiN9H4ap84DvD2ubjw+3vUNpstxa0TneY/Paat8a3R4uQZDLSvWjmznAY/DoahqTHl9V46HF/Zs3F29pg=="],

    "@parcel/watcher-android-arm64": ["@parcel/watcher-android-arm64@2.5.1", "", { "os": "android", "cpu": "arm64" }, "sha512-KF8+j9nNbUN8vzOFDpRMsaKBHZ/mcjEjMToVMJOhTozkDonQFFrRcfdLWn6yWKCmJKmdVxSgHiYvTCef4/qcBA=="],

    "@parcel/watcher-darwin-arm64": ["@parcel/watcher-darwin-arm64@2.5.1", "", { "os": "darwin", "cpu": "arm64" }, "sha512-eAzPv5osDmZyBhou8PoF4i6RQXAfeKL9tjb3QzYuccXFMQU0ruIc/POh30ePnaOyD1UXdlKguHBmsTs53tVoPw=="],

    "@parcel/watcher-darwin-x64": ["@parcel/watcher-darwin-x64@2.5.1", "", { "os": "darwin", "cpu": "x64" }, "sha512-1ZXDthrnNmwv10A0/3AJNZ9JGlzrF82i3gNQcWOzd7nJ8aj+ILyW1MTxVk35Db0u91oD5Nlk9MBiujMlwmeXZg=="],

    "@parcel/watcher-freebsd-x64": ["@parcel/watcher-freebsd-x64@2.5.1", "", { "os": "freebsd", "cpu": "x64" }, "sha512-SI4eljM7Flp9yPuKi8W0ird8TI/JK6CSxju3NojVI6BjHsTyK7zxA9urjVjEKJ5MBYC+bLmMcbAWlZ+rFkLpJQ=="],

    "@parcel/watcher-linux-arm-glibc": ["@parcel/watcher-linux-arm-glibc@2.5.1", "", { "os": "linux", "cpu": "arm" }, "sha512-RCdZlEyTs8geyBkkcnPWvtXLY44BCeZKmGYRtSgtwwnHR4dxfHRG3gR99XdMEdQ7KeiDdasJwwvNSF5jKtDwdA=="],

    "@parcel/watcher-linux-arm-musl": ["@parcel/watcher-linux-arm-musl@2.5.1", "", { "os": "linux", "cpu": "arm" }, "sha512-6E+m/Mm1t1yhB8X412stiKFG3XykmgdIOqhjWj+VL8oHkKABfu/gjFj8DvLrYVHSBNC+/u5PeNrujiSQ1zwd1Q=="],

    "@parcel/watcher-linux-arm64-glibc": ["@parcel/watcher-linux-arm64-glibc@2.5.1", "", { "os": "linux", "cpu": "arm64" }, "sha512-LrGp+f02yU3BN9A+DGuY3v3bmnFUggAITBGriZHUREfNEzZh/GO06FF5u2kx8x+GBEUYfyTGamol4j3m9ANe8w=="],

    "@parcel/watcher-linux-arm64-musl": ["@parcel/watcher-linux-arm64-musl@2.5.1", "", { "os": "linux", "cpu": "arm64" }, "sha512-cFOjABi92pMYRXS7AcQv9/M1YuKRw8SZniCDw0ssQb/noPkRzA+HBDkwmyOJYp5wXcsTrhxO0zq1U11cK9jsFg=="],

    "@parcel/watcher-linux-x64-glibc": ["@parcel/watcher-linux-x64-glibc@2.5.1", "", { "os": "linux", "cpu": "x64" }, "sha512-GcESn8NZySmfwlTsIur+49yDqSny2IhPeZfXunQi48DMugKeZ7uy1FX83pO0X22sHntJ4Ub+9k34XQCX+oHt2A=="],

    "@parcel/watcher-linux-x64-musl": ["@parcel/watcher-linux-x64-musl@2.5.1", "", { "os": "linux", "cpu": "x64" }, "sha512-n0E2EQbatQ3bXhcH2D1XIAANAcTZkQICBPVaxMeaCVBtOpBZpWJuf7LwyWPSBDITb7In8mqQgJ7gH8CILCURXg=="],

    "@parcel/watcher-win32-arm64": ["@parcel/watcher-win32-arm64@2.5.1", "", { "os": "win32", "cpu": "arm64" }, "sha512-RFzklRvmc3PkjKjry3hLF9wD7ppR4AKcWNzH7kXR7GUe0Igb3Nz8fyPwtZCSquGrhU5HhUNDr/mKBqj7tqA2Vw=="],

    "@parcel/watcher-win32-ia32": ["@parcel/watcher-win32-ia32@2.5.1", "", { "os": "win32", "cpu": "ia32" }, "sha512-c2KkcVN+NJmuA7CGlaGD1qJh1cLfDnQsHjE89E60vUEMlqduHGCdCLJCID5geFVM0dOtA3ZiIO8BoEQmzQVfpQ=="],

    "@parcel/watcher-win32-x64": ["@parcel/watcher-win32-x64@2.5.1", "", { "os": "win32", "cpu": "x64" }, "sha512-9lHBdJITeNR++EvSQVUcaZoWupyHfXe1jZvGZ06O/5MflPcuPLtEphScIBL+AiCWBO46tDSHzWyD0uDmmZqsgA=="],

    "@prettier/plugin-xml": ["@prettier/plugin-xml@3.4.2", "", { "dependencies": { "@xml-tools/parser": "^1.0.11" }, "peerDependencies": { "prettier": "^3.0.0" } }, "sha512-/UyNlHfkuLXG6Ed85KB0WBF283xn2yavR+UtRibBRUcvEJId2DSLdGXwJ/cDa1X++SWDPzq3+GSFniHjkNy7yg=="],

    "@reteps/dockerfmt": ["@reteps/dockerfmt@0.3.6", "", {}, "sha512-Tb5wIMvBf/nLejTQ61krK644/CEMB/cpiaIFXqGApfGqO3GwcR3qnI0DbmkFVCl2OyEp8LnLX3EkucoL0+tbFg=="],

    "@tabler/icons": ["@tabler/icons@3.34.0", "", {}, "sha512-jtVqv0JC1WU2TTEBN32D9+R6mc1iEBuPwLnBsWaR02SIEciu9aq5806AWkCHuObhQ4ERhhXErLEK7Fs+tEZxiA=="],

    "@tabler/icons-react": ["@tabler/icons-react@3.34.0", "", { "dependencies": { "@tabler/icons": "3.34.0" }, "peerDependencies": { "react": ">= 16" } }, "sha512-OpEIR2iZsIXECtAIMbn1zfKfQ3zKJjXyIZlkgOGUL9UkMCFycEiF2Y8AVfEQsyre/3FnBdlWJvGr0NU47n2TbQ=="],

    "@tailwindcss/cli": ["@tailwindcss/cli@4.1.11", "", { "dependencies": { "@parcel/watcher": "^2.5.1", "@tailwindcss/node": "4.1.11", "@tailwindcss/oxide": "4.1.11", "enhanced-resolve": "^5.18.1", "mri": "^1.2.0", "picocolors": "^1.1.1", "tailwindcss": "4.1.11" }, "bin": { "tailwindcss": "dist/index.mjs" } }, "sha512-7RAFOrVaXCFz5ooEG36Kbh+sMJiI2j4+Ozp71smgjnLfBRu7DTfoq8DsTvzse2/6nDeo2M3vS/FGaxfDgr3rtQ=="],

    "@tailwindcss/node": ["@tailwindcss/node@4.1.11", "", { "dependencies": { "@ampproject/remapping": "^2.3.0", "enhanced-resolve": "^5.18.1", "jiti": "^2.4.2", "lightningcss": "1.30.1", "magic-string": "^0.30.17", "source-map-js": "^1.2.1", "tailwindcss": "4.1.11" } }, "sha512-yzhzuGRmv5QyU9qLNg4GTlYI6STedBWRE7NjxP45CsFYYq9taI0zJXZBMqIC/c8fViNLhmrbpSFS57EoxUmD6Q=="],

    "@tailwindcss/oxide": ["@tailwindcss/oxide@4.1.11", "", { "dependencies": { "detect-libc": "^2.0.4", "tar": "^7.4.3" }, "optionalDependencies": { "@tailwindcss/oxide-android-arm64": "4.1.11", "@tailwindcss/oxide-darwin-arm64": "4.1.11", "@tailwindcss/oxide-darwin-x64": "4.1.11", "@tailwindcss/oxide-freebsd-x64": "4.1.11", "@tailwindcss/oxide-linux-arm-gnueabihf": "4.1.11", "@tailwindcss/oxide-linux-arm64-gnu": "4.1.11", "@tailwindcss/oxide-linux-arm64-musl": "4.1.11", "@tailwindcss/oxide-linux-x64-gnu": "4.1.11", "@tailwindcss/oxide-linux-x64-musl": "4.1.11", "@tailwindcss/oxide-wasm32-wasi": "4.1.11", "@tailwindcss/oxide-win32-arm64-msvc": "4.1.11", "@tailwindcss/oxide-win32-x64-msvc": "4.1.11" } }, "sha512-Q69XzrtAhuyfHo+5/HMgr1lAiPP/G40OMFAnws7xcFEYqcypZmdW8eGXaOUIeOl1dzPJBPENXgbjsOyhg2nkrg=="],

    "@tailwindcss/oxide-android-arm64": ["@tailwindcss/oxide-android-arm64@4.1.11", "", { "os": "android", "cpu": "arm64" }, "sha512-3IfFuATVRUMZZprEIx9OGDjG3Ou3jG4xQzNTvjDoKmU9JdmoCohQJ83MYd0GPnQIu89YoJqvMM0G3uqLRFtetg=="],

    "@tailwindcss/oxide-darwin-arm64": ["@tailwindcss/oxide-darwin-arm64@4.1.11", "", { "os": "darwin", "cpu": "arm64" }, "sha512-ESgStEOEsyg8J5YcMb1xl8WFOXfeBmrhAwGsFxxB2CxY9evy63+AtpbDLAyRkJnxLy2WsD1qF13E97uQyP1lfQ=="],

    "@tailwindcss/oxide-darwin-x64": ["@tailwindcss/oxide-darwin-x64@4.1.11", "", { "os": "darwin", "cpu": "x64" }, "sha512-EgnK8kRchgmgzG6jE10UQNaH9Mwi2n+yw1jWmof9Vyg2lpKNX2ioe7CJdf9M5f8V9uaQxInenZkOxnTVL3fhAw=="],

    "@tailwindcss/oxide-freebsd-x64": ["@tailwindcss/oxide-freebsd-x64@4.1.11", "", { "os": "freebsd", "cpu": "x64" }, "sha512-xdqKtbpHs7pQhIKmqVpxStnY1skuNh4CtbcyOHeX1YBE0hArj2romsFGb6yUmzkq/6M24nkxDqU8GYrKrz+UcA=="],

    "@tailwindcss/oxide-linux-arm-gnueabihf": ["@tailwindcss/oxide-linux-arm-gnueabihf@4.1.11", "", { "os": "linux", "cpu": "arm" }, "sha512-ryHQK2eyDYYMwB5wZL46uoxz2zzDZsFBwfjssgB7pzytAeCCa6glsiJGjhTEddq/4OsIjsLNMAiMlHNYnkEEeg=="],

    "@tailwindcss/oxide-linux-arm64-gnu": ["@tailwindcss/oxide-linux-arm64-gnu@4.1.11", "", { "os": "linux", "cpu": "arm64" }, "sha512-mYwqheq4BXF83j/w75ewkPJmPZIqqP1nhoghS9D57CLjsh3Nfq0m4ftTotRYtGnZd3eCztgbSPJ9QhfC91gDZQ=="],

    "@tailwindcss/oxide-linux-arm64-musl": ["@tailwindcss/oxide-linux-arm64-musl@4.1.11", "", { "os": "linux", "cpu": "arm64" }, "sha512-m/NVRFNGlEHJrNVk3O6I9ggVuNjXHIPoD6bqay/pubtYC9QIdAMpS+cswZQPBLvVvEF6GtSNONbDkZrjWZXYNQ=="],

    "@tailwindcss/oxide-linux-x64-gnu": ["@tailwindcss/oxide-linux-x64-gnu@4.1.11", "", { "os": "linux", "cpu": "x64" }, "sha512-YW6sblI7xukSD2TdbbaeQVDysIm/UPJtObHJHKxDEcW2exAtY47j52f8jZXkqE1krdnkhCMGqP3dbniu1Te2Fg=="],

    "@tailwindcss/oxide-linux-x64-musl": ["@tailwindcss/oxide-linux-x64-musl@4.1.11", "", { "os": "linux", "cpu": "x64" }, "sha512-e3C/RRhGunWYNC3aSF7exsQkdXzQ/M+aYuZHKnw4U7KQwTJotnWsGOIVih0s2qQzmEzOFIJ3+xt7iq67K/p56Q=="],

    "@tailwindcss/oxide-wasm32-wasi": ["@tailwindcss/oxide-wasm32-wasi@4.1.11", "", { "dependencies": { "@emnapi/core": "^1.4.3", "@emnapi/runtime": "^1.4.3", "@emnapi/wasi-threads": "^1.0.2", "@napi-rs/wasm-runtime": "^0.2.11", "@tybys/wasm-util": "^0.9.0", "tslib": "^2.8.0" }, "cpu": "none" }, "sha512-Xo1+/GU0JEN/C/dvcammKHzeM6NqKovG+6921MR6oadee5XPBaKOumrJCXvopJ/Qb5TH7LX/UAywbqrP4lax0g=="],

    "@tailwindcss/oxide-win32-arm64-msvc": ["@tailwindcss/oxide-win32-arm64-msvc@4.1.11", "", { "os": "win32", "cpu": "arm64" }, "sha512-UgKYx5PwEKrac3GPNPf6HVMNhUIGuUh4wlDFR2jYYdkX6pL/rn73zTq/4pzUm8fOjAn5L8zDeHp9iXmUGOXZ+w=="],

    "@tailwindcss/oxide-win32-x64-msvc": ["@tailwindcss/oxide-win32-x64-msvc@4.1.11", "", { "os": "win32", "cpu": "x64" }, "sha512-YfHoggn1j0LK7wR82TOucWc5LDCguHnoS879idHekmmiR7g9HUtMw9MI0NHatS28u/Xlkfi9w5RJWgz2Dl+5Qg=="],

    "@taplo/core": ["@taplo/core@0.2.0", "", {}, "sha512-r8bl54Zj1In3QLkiW/ex694bVzpPJ9EhwqT9xkcUVODnVUGirdB1JTsmiIv0o1uwqZiwhi8xNnTOQBRQCpizrQ=="],

    "@taplo/lib": ["@taplo/lib@0.5.0", "", { "dependencies": { "@taplo/core": "^0.2.0" } }, "sha512-+xIqpQXJco3T+VGaTTwmhxLa51qpkQxCjRwezjFZgr+l21ExlywJFcDfTrNmL6lG6tqb0h8GyJKO3UPGPtSCWg=="],

    "@types/bun": ["@types/bun@1.2.18", "", { "dependencies": { "bun-types": "1.2.18" } }, "sha512-Xf6RaWVheyemaThV0kUfaAUvCNokFr+bH8Jxp+tTZfx7dAPA8z9ePnP9S9+Vspzuxxx9JRAXhnyccRj3GyCMdQ=="],

    "@types/json-schema": ["@types/json-schema@7.0.15", "", {}, "sha512-5+fP8P8MFNC+AyZCDxrB2pkZFPGzqQWUzpSeuuVLvm8VMcorNYavBqoFcxK8bQz4Qsbn4oUEEem4wDLfcysGHA=="],

    "@types/lodash": ["@types/lodash@4.17.20", "", {}, "sha512-H3MHACvFUEiujabxhaI/ImO6gUrd8oOurg7LQtS7mbwIXA/cUqWrvBsaeJ23aZEPk1TAYkurjfMbSELfoCXlGA=="],

    "@types/node": ["@types/node@24.0.13", "", { "dependencies": { "undici-types": "~7.8.0" } }, "sha512-Qm9OYVOFHFYg3wJoTSrz80hoec5Lia/dPp84do3X7dZvLikQvM1YpmvTBEdIr/e+U8HTkFjLHLnl78K/qjf+jQ=="],

    "@types/react": ["@types/react@19.1.8", "", { "dependencies": { "csstype": "^3.0.2" } }, "sha512-AwAfQ2Wa5bCx9WP8nZL2uMZWod7J7/JSplxbTmBQ5ms6QpqNYm672H0Vu9ZVKVngQ+ii4R/byguVEUZQyeg44g=="],

    "@types/react-dom": ["@types/react-dom@19.1.6", "", { "peerDependencies": { "@types/react": "^19.0.0" } }, "sha512-4hOiT/dwO8Ko0gV1m/TJZYk3y0KBnY9vzDh7W+DH17b2HFSOGgdj33dhihPeuy3l0q23+4e+hoXHV6hCC4dCXw=="],

    "@typescript/native-preview": ["@typescript/native-preview@7.0.0-dev.20250711.1", "", { "optionalDependencies": { "@typescript/native-preview-darwin-arm64": "7.0.0-dev.20250711.1", "@typescript/native-preview-darwin-x64": "7.0.0-dev.20250711.1", "@typescript/native-preview-linux-arm": "7.0.0-dev.20250711.1", "@typescript/native-preview-linux-arm64": "7.0.0-dev.20250711.1", "@typescript/native-preview-linux-x64": "7.0.0-dev.20250711.1", "@typescript/native-preview-win32-arm64": "7.0.0-dev.20250711.1", "@typescript/native-preview-win32-x64": "7.0.0-dev.20250711.1" }, "bin": { "tsgo": "bin/tsgo.js" } }, "sha512-CP/6dQ4aHANWxOdehehNG7WtoLmbLMpwAj36fxbQvugDq/vLxkxT1dsug6tsUblqrWPgBL46BRwVzJv7jrL4Pg=="],

    "@typescript/native-preview-darwin-arm64": ["@typescript/native-preview-darwin-arm64@7.0.0-dev.20250711.1", "", { "os": "darwin", "cpu": "arm64" }, "sha512-Q5o1kE9xsR0nEoEBehHlFfcLnIRlJqSQJx41c6BGXFiuoEyNnpULrhhf+QwtIHJsG7MM1szWYJm0OWJBEQ48IQ=="],

    "@typescript/native-preview-darwin-x64": ["@typescript/native-preview-darwin-x64@7.0.0-dev.20250711.1", "", { "os": "darwin", "cpu": "x64" }, "sha512-wix2jj/I+les3s3qmkZ9k+QxAbHP1r3IOzROpCS56/vuTAo52tRJEm7UVdtXcmV85OodgUxtIoNeOGprNUiy2Q=="],

    "@typescript/native-preview-linux-arm": ["@typescript/native-preview-linux-arm@7.0.0-dev.20250711.1", "", { "os": "linux", "cpu": "arm" }, "sha512-DMqcvKJDUmYK/rueLmvtYHZJSbcsVpcHEqfVzSa5tTnigKaGFzyqsstJ/BlQganuLflPjsjkCdsbr8MLZjw1RQ=="],

    "@typescript/native-preview-linux-arm64": ["@typescript/native-preview-linux-arm64@7.0.0-dev.20250711.1", "", { "os": "linux", "cpu": "arm64" }, "sha512-4xMFCwredqrFqrWFJK8LcpidYnHronCWVat2RzOB0w0PGf6xoxSs2FktII5nSiT6Up6jlj7iswy1qhxpdYOPwQ=="],

    "@typescript/native-preview-linux-x64": ["@typescript/native-preview-linux-x64@7.0.0-dev.20250711.1", "", { "os": "linux", "cpu": "x64" }, "sha512-01RpAnrcdtTTDonFk9J/NUfJWNwS2fuSagQfQPKcH7dAFFggZeursdP5iEnDNcDQ8536ut/e1b5wovJXzXqRtA=="],

    "@typescript/native-preview-win32-arm64": ["@typescript/native-preview-win32-arm64@7.0.0-dev.20250711.1", "", { "os": "win32", "cpu": "arm64" }, "sha512-Z1Avnhhgm+DDT0uQioQjLNBIogBGsctmfhjnH+72xynC7PI+Ld1ag07x2WkbtqtPWqLDgxGaL4xL8ql6piRyaA=="],

    "@typescript/native-preview-win32-x64": ["@typescript/native-preview-win32-x64@7.0.0-dev.20250711.1", "", { "os": "win32", "cpu": "x64" }, "sha512-lB3JNYgT/0RAeOTZcijDZG+8HMUPYGcoGO1R6T9APWkJ4Qi3y72w4bzElVtUDZz1A2YvpJCTxUCj4nHlCoGQLg=="],

    "@xml-tools/parser": ["@xml-tools/parser@1.0.11", "", { "dependencies": { "chevrotain": "7.1.1" } }, "sha512-aKqQ077XnR+oQtHJlrAflaZaL7qZsulWc/i/ZEooar5JiWj1eLt0+Wg28cpa+XLney107wXqneC+oG1IZvxkTA=="],

    "anymatch": ["anymatch@3.1.3", "", { "dependencies": { "normalize-path": "^3.0.0", "picomatch": "^2.0.4" } }, "sha512-KMReFUr0B4t+D+OBkjR3KYqvocp2XaSzO55UcB6mgQMd3KbcE+mWTyvVV7D/zsdEbNnV6acZUutkiHQXvTr1Rw=="],

    "argparse": ["argparse@2.0.1", "", {}, "sha512-8+9WqebbFzpX9OR+Wa6O29asIogeRMzcGtAINdpMHHyAg10f05aSFVBbcEqGf/PXw1EjAZ+q2/bEBg3DvurK3Q=="],

    "array-union": ["array-union@2.1.0", "", {}, "sha512-HGyxoOTYUyCM6stUe6EJgnd4EoewAI7zMdfqO+kGjnlZmBDz/cR5pf8r/cR4Wq60sL/p0IkcjUEEPwS3GFrIyw=="],

    "binary-extensions": ["binary-extensions@2.3.0", "", {}, "sha512-Ceh+7ox5qe7LJuLHoY0feh3pHuUDHAcRUeyL2VYghZwfpkNIy/+8Ocg0a3UuSoYzavmylwuLWQOf3hl0jjMMIw=="],

    "braces": ["braces@3.0.3", "", { "dependencies": { "fill-range": "^7.1.1" } }, "sha512-yQbXgO/OSZVD2IsiLlro+7Hf6Q18EJrKSEsdoMzKePKXct3gvD8oLcOQdIzGupr5Fj+EDe8gO/lxc1BzfMpxvA=="],

    "bun-types": ["bun-types@1.2.18", "", { "dependencies": { "@types/node": "*" }, "peerDependencies": { "@types/react": "^19" } }, "sha512-04+Eha5NP7Z0A9YgDAzMk5PHR16ZuLVa83b26kH5+cp1qZW4F6FmAURngE7INf4tKOvCE69vYvDEwoNl1tGiWw=="],

    "chevrotain": ["chevrotain@7.1.1", "", { "dependencies": { "regexp-to-ast": "0.5.0" } }, "sha512-wy3mC1x4ye+O+QkEinVJkPf5u2vsrDIYW9G7ZuwFl6v/Yu0LwUuT2POsb+NUWApebyxfkQq6+yDfRExbnI5rcw=="],

    "chokidar": ["chokidar@3.6.0", "", { "dependencies": { "anymatch": "~3.1.2", "braces": "~3.0.2", "glob-parent": "~5.1.2", "is-binary-path": "~2.1.0", "is-glob": "~4.0.1", "normalize-path": "~3.0.0", "readdirp": "~3.6.0" }, "optionalDependencies": { "fsevents": "~2.3.2" } }, "sha512-7VT13fmjotKpGipCW9JEQAusEPE+Ei8nl6/g4FBAmIm0GOOLMua9NDDo/DWp0ZAxCr3cPq5ZpBqmPAQgDda2Pw=="],

    "chownr": ["chownr@3.0.0", "", {}, "sha512-+IxzY9BZOQd/XuYPRmrvEVjF/nqj5kgT4kEq7VofrDoM1MxoRjEWkrCC3EtLi59TVawxTAn+orJwFQcrqEN1+g=="],

    "commander": ["commander@9.5.0", "", {}, "sha512-KRs7WVDKg86PWiuAqhDrAQnTXZKraVcCc6vFdL14qrZ/DcWwuRo7VoiYXalXO7S5GKpqYiVEwCbgFDfxNHKJBQ=="],

    "csstype": ["csstype@3.1.3", "", {}, "sha512-M1uQkMl8rQK/szD0LNhtqxIPLpimGm8sOBwU7lLnCpSbTyY3yeU1Vc7l4KT5zT4s/yOxHH5O7tIuuLOCnLADRw=="],

    "detect-libc": ["detect-libc@1.0.3", "", { "bin": { "detect-libc": "./bin/detect-libc.js" } }, "sha512-pGjwhsmsp4kL2RTz08wcOlGN83otlqHeD/Z5T8GXZB+/YcpQ/dgo+lbU8ZsGxV0HIvqqxo9l7mqYwyYMD9bKDg=="],

    "dir-glob": ["dir-glob@3.0.1", "", { "dependencies": { "path-type": "^4.0.0" } }, "sha512-WkrWp9GR4KXfKGYzOLmTuGVi1UWFfws377n9cc55/tb6DuqyF6pcQ5AbiHEshaDpY9v6oaSr2XCDidGmMwdzIA=="],

    "enhanced-resolve": ["enhanced-resolve@5.18.2", "", { "dependencies": { "graceful-fs": "^4.2.4", "tapable": "^2.2.0" } }, "sha512-6Jw4sE1maoRJo3q8MsSIn2onJFbLTOjY9hlx4DZXmOKvLRd1Ok2kXmAGXaafL2+ijsJZ1ClYbl/pmqr9+k4iUQ=="],

    "fast-glob": ["fast-glob@3.3.3", "", { "dependencies": { "@nodelib/fs.stat": "^2.0.2", "@nodelib/fs.walk": "^1.2.3", "glob-parent": "^5.1.2", "merge2": "^1.3.0", "micromatch": "^4.0.8" } }, "sha512-7MptL8U0cqcFdzIzwOTHoilX9x5BrNqye7Z/LuC7kCMRio1EMSyqRK3BEAUD7sXRq4iT4AzTVuZdhgQ2TCvYLg=="],

    "fastq": ["fastq@1.19.1", "", { "dependencies": { "reusify": "^1.0.4" } }, "sha512-GwLTyxkCXjXbxqIhTsMI2Nui8huMPtnxg7krajPJAjnEG/iiOS7i+zCtWGZR9G0NBKbXKh6X9m9UIsYX/N6vvQ=="],

    "fdir": ["fdir@6.4.6", "", { "peerDependencies": { "picomatch": "^3 || ^4" }, "optionalPeers": ["picomatch"] }, "sha512-hiFoqpyZcfNm1yc4u8oWCf9A2c4D3QjCrks3zmoVKVxpQRzmPNar1hUJcBG2RQHvEVGDN+Jm81ZheVLAQMK6+w=="],

    "fill-range": ["fill-range@7.1.1", "", { "dependencies": { "to-regex-range": "^5.0.1" } }, "sha512-YsGpe3WHLK8ZYi4tWDg2Jy3ebRz2rXowDxnld4bkQB00cc/1Zw9AWnC0i9ztDJitivtQvaI9KaLyKrc+hBW0yg=="],

    "fsevents": ["fsevents@2.3.3", "", { "os": "darwin" }, "sha512-5xoDfX+fL7faATnagmWPpbFtwh/R77WmMMqqHGS65C3vvB0YHrgF+B1YmZ3441tMj5n63k0212XNoJwzlhffQw=="],

    "get-tsconfig": ["get-tsconfig@4.10.1", "", { "dependencies": { "resolve-pkg-maps": "^1.0.0" } }, "sha512-auHyJ4AgMz7vgS8Hp3N6HXSmlMdUyhSUrfBF16w153rxtLIEOE+HGqaBppczZvnHLqQJfiHotCYpNhl0lUROFQ=="],

    "glob-parent": ["glob-parent@5.1.2", "", { "dependencies": { "is-glob": "^4.0.1" } }, "sha512-AOIgSQCepiJYwP3ARnGx+5VnTu2HBYdzbGP45eLw1vr3zB3vZLeyed1sC9hnbcOc9/SrMyM5RPQrkGz4aS9Zow=="],

    "globby": ["globby@11.1.0", "", { "dependencies": { "array-union": "^2.1.0", "dir-glob": "^3.0.1", "fast-glob": "^3.2.9", "ignore": "^5.2.0", "merge2": "^1.4.1", "slash": "^3.0.0" } }, "sha512-jhIXaOzy1sb8IyocaruWSn1TjmnBVs8Ayhcy83rmxNJ8q2uWKCAj3CnJY+KpGSXCueAPc0i05kVvVKtP1t9S3g=="],

    "graceful-fs": ["graceful-fs@4.2.11", "", {}, "sha512-RbJ5/jmFcNNCcDV5o9eTnBLJ/HszWV0P73bc+Ff4nS/rJj+YaS6IGyiOL0VoBYX+l1Wrl3k63h/KrH+nhJ0XvQ=="],

    "ignore": ["ignore@5.3.2", "", {}, "sha512-hsBTNUqQTDwkWtcdYI2i06Y/nUBEsNEDJKjWdigLvegy8kDuJAS8uRlpkkcQpyEXL0Z/pjDy5HBmMjRCJ2gq+g=="],

    "is-binary-path": ["is-binary-path@2.1.0", "", { "dependencies": { "binary-extensions": "^2.0.0" } }, "sha512-ZMERYes6pDydyuGidse7OsHxtbI7WVeUEozgR/g7rd0xUimYNlvZRE/K2MgZTjWy725IfelLeVcEM97mmtRGXw=="],

    "is-extglob": ["is-extglob@2.1.1", "", {}, "sha512-SbKbANkN603Vi4jEZv49LeVJMn4yGwsbzZworEoyEiutsN3nJYdbO36zfhGJ6QEDpOZIFkDtnq5JRxmvl3jsoQ=="],

    "is-glob": ["is-glob@4.0.3", "", { "dependencies": { "is-extglob": "^2.1.1" } }, "sha512-xelSayHH36ZgE7ZWhli7pW34hNbNl8Ojv5KVmkJD4hBdD3th8Tfk9vYasLM+mXWOZhFkgZfxhLSnrwRr4elSSg=="],

    "is-number": ["is-number@7.0.0", "", {}, "sha512-41Cifkg6e8TylSpdtTpeLVMqvSBEVzTttHvERD741+pnZ8ANv0004MRL43QKPDlK9cGvNp6NZWZUBlbGXYxxng=="],

    "jiti": ["jiti@2.4.2", "", { "bin": { "jiti": "lib/jiti-cli.mjs" } }, "sha512-rg9zJN+G4n2nfJl5MW3BMygZX56zKPNVEYYqq7adpmMh4Jn2QNEwhvQlFy6jPVdcod7txZtKHWnyZiA3a0zP7A=="],

    "js-yaml": ["js-yaml@4.1.0", "", { "dependencies": { "argparse": "^2.0.1" }, "bin": { "js-yaml": "bin/js-yaml.js" } }, "sha512-wpxZs9NoxZaJESJGIZTyDEaYpl0FKSA+FB9aJiyemKhMwkxQg63h4T1KJgUGHpTqPDNRcmmYLugrRjJlBtWvRA=="],

    "json-schema-to-typescript": ["json-schema-to-typescript@15.0.4", "", { "dependencies": { "@apidevtools/json-schema-ref-parser": "^11.5.5", "@types/json-schema": "^7.0.15", "@types/lodash": "^4.17.7", "is-glob": "^4.0.3", "js-yaml": "^4.1.0", "lodash": "^4.17.21", "minimist": "^1.2.8", "prettier": "^3.2.5", "tinyglobby": "^0.2.9" }, "bin": { "json2ts": "dist/src/cli.js" } }, "sha512-Su9oK8DR4xCmDsLlyvadkXzX6+GGXJpbhwoLtOGArAG61dvbW4YQmSEno2y66ahpIdmLMg6YUf/QHLgiwvkrHQ=="],

    "jsonschema": ["jsonschema@1.5.0", "", {}, "sha512-K+A9hhqbn0f3pJX17Q/7H6yQfD/5OXgdrR5UE12gMXCiN9D5Xq2o5mddV2QEcX/bjla99ASsAAQUyMCCRWAEhw=="],

    "lightningcss": ["lightningcss@1.30.1", "", { "dependencies": { "detect-libc": "^2.0.3" }, "optionalDependencies": { "lightningcss-darwin-arm64": "1.30.1", "lightningcss-darwin-x64": "1.30.1", "lightningcss-freebsd-x64": "1.30.1", "lightningcss-linux-arm-gnueabihf": "1.30.1", "lightningcss-linux-arm64-gnu": "1.30.1", "lightningcss-linux-arm64-musl": "1.30.1", "lightningcss-linux-x64-gnu": "1.30.1", "lightningcss-linux-x64-musl": "1.30.1", "lightningcss-win32-arm64-msvc": "1.30.1", "lightningcss-win32-x64-msvc": "1.30.1" } }, "sha512-xi6IyHML+c9+Q3W0S4fCQJOym42pyurFiJUHEcEyHS0CeKzia4yZDEsLlqOFykxOdHpNy0NmvVO31vcSqAxJCg=="],

    "lightningcss-darwin-arm64": ["lightningcss-darwin-arm64@1.30.1", "", { "os": "darwin", "cpu": "arm64" }, "sha512-c8JK7hyE65X1MHMN+Viq9n11RRC7hgin3HhYKhrMyaXflk5GVplZ60IxyoVtzILeKr+xAJwg6zK6sjTBJ0FKYQ=="],

    "lightningcss-darwin-x64": ["lightningcss-darwin-x64@1.30.1", "", { "os": "darwin", "cpu": "x64" }, "sha512-k1EvjakfumAQoTfcXUcHQZhSpLlkAuEkdMBsI/ivWw9hL+7FtilQc0Cy3hrx0AAQrVtQAbMI7YjCgYgvn37PzA=="],

    "lightningcss-freebsd-x64": ["lightningcss-freebsd-x64@1.30.1", "", { "os": "freebsd", "cpu": "x64" }, "sha512-kmW6UGCGg2PcyUE59K5r0kWfKPAVy4SltVeut+umLCFoJ53RdCUWxcRDzO1eTaxf/7Q2H7LTquFHPL5R+Gjyig=="],

    "lightningcss-linux-arm-gnueabihf": ["lightningcss-linux-arm-gnueabihf@1.30.1", "", { "os": "linux", "cpu": "arm" }, "sha512-MjxUShl1v8pit+6D/zSPq9S9dQ2NPFSQwGvxBCYaBYLPlCWuPh9/t1MRS8iUaR8i+a6w7aps+B4N0S1TYP/R+Q=="],

    "lightningcss-linux-arm64-gnu": ["lightningcss-linux-arm64-gnu@1.30.1", "", { "os": "linux", "cpu": "arm64" }, "sha512-gB72maP8rmrKsnKYy8XUuXi/4OctJiuQjcuqWNlJQ6jZiWqtPvqFziskH3hnajfvKB27ynbVCucKSm2rkQp4Bw=="],

    "lightningcss-linux-arm64-musl": ["lightningcss-linux-arm64-musl@1.30.1", "", { "os": "linux", "cpu": "arm64" }, "sha512-jmUQVx4331m6LIX+0wUhBbmMX7TCfjF5FoOH6SD1CttzuYlGNVpA7QnrmLxrsub43ClTINfGSYyHe2HWeLl5CQ=="],

    "lightningcss-linux-x64-gnu": ["lightningcss-linux-x64-gnu@1.30.1", "", { "os": "linux", "cpu": "x64" }, "sha512-piWx3z4wN8J8z3+O5kO74+yr6ze/dKmPnI7vLqfSqI8bccaTGY5xiSGVIJBDd5K5BHlvVLpUB3S2YCfelyJ1bw=="],

    "lightningcss-linux-x64-musl": ["lightningcss-linux-x64-musl@1.30.1", "", { "os": "linux", "cpu": "x64" }, "sha512-rRomAK7eIkL+tHY0YPxbc5Dra2gXlI63HL+v1Pdi1a3sC+tJTcFrHX+E86sulgAXeI7rSzDYhPSeHHjqFhqfeQ=="],

    "lightningcss-win32-arm64-msvc": ["lightningcss-win32-arm64-msvc@1.30.1", "", { "os": "win32", "cpu": "arm64" }, "sha512-mSL4rqPi4iXq5YVqzSsJgMVFENoa4nGTT/GjO2c0Yl9OuQfPsIfncvLrEW6RbbB24WtZ3xP/2CCmI3tNkNV4oA=="],

    "lightningcss-win32-x64-msvc": ["lightningcss-win32-x64-msvc@1.30.1", "", { "os": "win32", "cpu": "x64" }, "sha512-PVqXh48wh4T53F/1CCu8PIPCxLzWyCnn/9T5W1Jpmdy5h9Cwd+0YQS6/LwhHXSafuc61/xg9Lv5OrCby6a++jg=="],

    "lodash": ["lodash@4.17.21", "", {}, "sha512-v2kDEe57lecTulaDIuNTPy3Ry4gLGJ6Z1O3vE1krgXZNrsQ+LFTGHVxVjcXPs17LhbZVGedAJv8XZ1tvj5FvSg=="],

    "magic-string": ["magic-string@0.30.17", "", { "dependencies": { "@jridgewell/sourcemap-codec": "^1.5.0" } }, "sha512-sNPKHvyjVf7gyjwS4xGTaW/mCnF8wnjtifKBEhxfZ7E/S8tQ0rssrwGNn6q8JH/ohItJfSQp9mBtQYuTlH5QnA=="],

    "merge2": ["merge2@1.4.1", "", {}, "sha512-8q7VEgMJW4J8tcfVPy8g09NcQwZdbwFEqhe/WZkoIzjn/3TGDwtOCYtXGxA3O8tPzpczCCDgv+P2P5y00ZJOOg=="],

    "micromatch": ["micromatch@4.0.8", "", { "dependencies": { "braces": "^3.0.3", "picomatch": "^2.3.1" } }, "sha512-PXwfBhYu0hBCPw8Dn0E+WDYb7af3dSLVWKi3HGv84IdF4TyFoC0ysxFd0Goxw7nSv4T/PzEJQxsYsEiFCKo2BA=="],

    "minimist": ["minimist@1.2.8", "", {}, "sha512-2yyAR8qBkN3YuheJanUpWC5U3bb5osDywNB8RzDVlDwDHbocAJveqqj1u8+SVD7jkWT4yvsHCpWqqWqAxb0zCA=="],

    "minipass": ["minipass@7.1.2", "", {}, "sha512-qOOzS1cBTWYF4BH8fVePDBOO9iptMnGUEZwNc/cMWnTV2nVLZ7VoNWEPHkYczZA0pdoA7dl6e7FL659nX9S2aw=="],

    "minizlib": ["minizlib@3.0.2", "", { "dependencies": { "minipass": "^7.1.2" } }, "sha512-oG62iEk+CYt5Xj2YqI5Xi9xWUeZhDI8jjQmC5oThVH5JGCTgIjr7ciJDzC7MBzYd//WvR1OTmP5Q38Q8ShQtVA=="],

    "mkdirp": ["mkdirp@3.0.1", "", { "bin": { "mkdirp": "dist/cjs/src/bin.js" } }, "sha512-+NsyUUAZDmo6YVHzL/stxSu3t9YS1iljliy3BSDrXJ/dkn1KYdmtZODGGjLcc9XLgVVpH4KshHB8XmZgMhaBXg=="],

    "mri": ["mri@1.2.0", "", {}, "sha512-tzzskb3bG8LvYGFF/mDTpq3jpI6Q9wc3LEmBaghu+DdCssd1FakN7Bc0hVNmEyGq1bq3RgfkCb3cmQLpNPOroA=="],

    "mylas": ["mylas@2.1.13", "", {}, "sha512-+MrqnJRtxdF+xngFfUUkIMQrUUL0KsxbADUkn23Z/4ibGg192Q+z+CQyiYwvWTsYjJygmMR8+w3ZDa98Zh6ESg=="],

    "node-addon-api": ["node-addon-api@7.1.1", "", {}, "sha512-5m3bsyrjFWE1xf7nz7YXdN4udnVtXK6/Yfgn5qnahL6bCkf2yKt4k3nuTKAtT4r3IG8JNR2ncsIMdZuAzJjHQQ=="],

    "normalize-path": ["normalize-path@3.0.0", "", {}, "sha512-6eZs5Ls3WtCisHWp9S2GUy8dqkpGi4BVSz3GaqiE6ezub0512ESztXUwUB6C6IKbQkY2Pnb/mD4WYojCRwcwLA=="],

    "path-type": ["path-type@4.0.0", "", {}, "sha512-gDKb8aZMDeD/tZWs9P6+q0J9Mwkdl6xMV8TjnGP3qJVJ06bdMgkbBlLU8IdfOsIsFz2BW1rNVT3XuNEl8zPAvw=="],

    "picocolors": ["picocolors@1.1.1", "", {}, "sha512-xceH2snhtb5M9liqDsmEw56le376mTZkEX/jEb/RxNFyegNul7eNslCXP9FDj/Lcu0X8KEyMceP2ntpaHrDEVA=="],

    "picomatch": ["picomatch@4.0.2", "", {}, "sha512-M7BAV6Rlcy5u+m6oPhAPFgJTzAioX/6B0DxyvDlo9l8+T3nLKbrczg2WLUyzd45L8RqfUMyGPzekbMvX2Ldkwg=="],

    "plimit-lit": ["plimit-lit@1.6.1", "", { "dependencies": { "queue-lit": "^1.5.1" } }, "sha512-B7+VDyb8Tl6oMJT9oSO2CW8XC/T4UcJGrwOVoNGwOQsQYhlpfajmrMj5xeejqaASq3V/EqThyOeATEOMuSEXiA=="],

    "prettier": ["prettier@3.6.2", "", { "bin": { "prettier": "bin/prettier.cjs" } }, "sha512-I7AIg5boAr5R0FFtJ6rCfD+LFsWHp81dolrFD8S79U9tb8Az2nGrJncnMSnys+bpQJfRUzqs9hnA81OAA3hCuQ=="],

    "prettier-plugin-astro": ["prettier-plugin-astro@0.14.1", "", { "dependencies": { "@astrojs/compiler": "^2.9.1", "prettier": "^3.0.0", "sass-formatter": "^0.7.6" } }, "sha512-RiBETaaP9veVstE4vUwSIcdATj6dKmXljouXc/DDNwBSPTp8FRkLGDSGFClKsAFeeg+13SB0Z1JZvbD76bigJw=="],

    "prettier-plugin-sh": ["prettier-plugin-sh@0.18.0", "", { "dependencies": { "@reteps/dockerfmt": "^0.3.6", "sh-syntax": "^0.5.8" }, "peerDependencies": { "prettier": "^3.6.0" } }, "sha512-cW1XL27FOJQ/qGHOW6IHwdCiNWQsAgK+feA8V6+xUTaH0cD3Mh+tFAtBvEEWvuY6hTDzRV943Fzeii+qMOh7nQ=="],

    "prettier-plugin-tailwindcss": ["prettier-plugin-tailwindcss@0.6.14", "", { "peerDependencies": { "@ianvs/prettier-plugin-sort-imports": "*", "@prettier/plugin-hermes": "*", "@prettier/plugin-oxc": "*", "@prettier/plugin-pug": "*", "@shopify/prettier-plugin-liquid": "*", "@trivago/prettier-plugin-sort-imports": "*", "@zackad/prettier-plugin-twig": "*", "prettier": "^3.0", "prettier-plugin-astro": "*", "prettier-plugin-css-order": "*", "prettier-plugin-import-sort": "*", "prettier-plugin-jsdoc": "*", "prettier-plugin-marko": "*", "prettier-plugin-multiline-arrays": "*", "prettier-plugin-organize-attributes": "*", "prettier-plugin-organize-imports": "*", "prettier-plugin-sort-imports": "*", "prettier-plugin-style-order": "*", "prettier-plugin-svelte": "*" }, "optionalPeers": ["@ianvs/prettier-plugin-sort-imports", "@prettier/plugin-hermes", "@prettier/plugin-oxc", "@prettier/plugin-pug", "@shopify/prettier-plugin-liquid", "@trivago/prettier-plugin-sort-imports", "@zackad/prettier-plugin-twig", "prettier-plugin-astro", "prettier-plugin-css-order", "prettier-plugin-import-sort", "prettier-plugin-jsdoc", "prettier-plugin-marko", "prettier-plugin-multiline-arrays", "prettier-plugin-organize-attributes", "prettier-plugin-organize-imports", "prettier-plugin-sort-imports", "prettier-plugin-style-order", "prettier-plugin-svelte"] }, "sha512-pi2e/+ZygeIqntN+vC573BcW5Cve8zUB0SSAGxqpB4f96boZF4M3phPVoOFCeypwkpRYdi7+jQ5YJJUwrkGUAg=="],

    "prettier-plugin-toml": ["prettier-plugin-toml@2.0.6", "", { "dependencies": { "@taplo/lib": "^0.5.0" }, "peerDependencies": { "prettier": "^3.0.3" } }, "sha512-12N/wBuHa9jd/KVy9pRP20NMKxQfQLMseQCt66lIbLaPLItvGUcSIryE1eZZMJ7loSws6Ig3M2Elc2EreNh76w=="],

    "queue-lit": ["queue-lit@1.5.2", "", {}, "sha512-tLc36IOPeMAubu8BkW8YDBV+WyIgKlYU7zUNs0J5Vk9skSZ4JfGlPOqplP0aHdfv7HL0B2Pg6nwiq60Qc6M2Hw=="],

    "queue-microtask": ["queue-microtask@1.2.3", "", {}, "sha512-NuaNSa6flKT5JaSYQzJok04JzTL1CA6aGhv5rfLW3PgqA+M2ChpZQnAC8h8i4ZFkBS8X5RqkDBHA7r4hej3K9A=="],

    "react": ["react@19.1.0", "", {}, "sha512-FS+XFBNvn3GTAWq26joslQgWNoFu08F4kl0J4CgdNKADkdSGXQyTCnKteIAJy96Br6YbpEU1LSzV5dYtjMkMDg=="],

    "react-dom": ["react-dom@19.1.0", "", { "dependencies": { "scheduler": "^0.26.0" }, "peerDependencies": { "react": "^19.1.0" } }, "sha512-Xs1hdnE+DyKgeHJeJznQmYMIBG3TKIHJJT95Q58nHLSrElKlGQqDTR2HQ9fx5CN/Gk6Vh/kupBTDLU11/nDk/g=="],

    "readdirp": ["readdirp@3.6.0", "", { "dependencies": { "picomatch": "^2.2.1" } }, "sha512-hOS089on8RduqdbhvQ5Z37A0ESjsqz6qnRcffsMU3495FuTdqSm+7bhJ29JvIOsBDEEnan5DPu9t3To9VRlMzA=="],

    "regexp-to-ast": ["regexp-to-ast@0.5.0", "", {}, "sha512-tlbJqcMHnPKI9zSrystikWKwHkBqu2a/Sgw01h3zFjvYrMxEDYHzzoMZnUrbIfpTFEsoRnnviOXNCzFiSc54Qw=="],

    "resolve-pkg-maps": ["resolve-pkg-maps@1.0.0", "", {}, "sha512-seS2Tj26TBVOC2NIc2rOe2y2ZO7efxITtLZcGSOnHHNOQ7CkiUBfw0Iw2ck6xkIhPwLhKNLS8BO+hEpngQlqzw=="],

    "resumed": ["resumed@6.0.0", "", { "dependencies": { "@jsonresume/schema": "^1.0.0", "sade": "^1.7.0", "strip-json-comments": "^5.0.0" }, "peerDependencies": { "puppeteer": "^24.0.0" }, "optionalPeers": ["puppeteer"], "bin": { "resumed": "bin/resumed.js" } }, "sha512-Flyyl5f87vuHs7lbwEPHQy+1kKZhEcdghdRWieuXSVFRmpNKCtwGDXBP1wtARrya44wV3tHODpFx3x7xis0/JA=="],

    "reusify": ["reusify@1.1.0", "", {}, "sha512-g6QUff04oZpHs0eG5p83rFLhHeV00ug/Yf9nZM6fLeUrPguBTkTQOdpAWWspMh55TZfVQDPaN3NQJfbVRAxdIw=="],

    "run-parallel": ["run-parallel@1.2.0", "", { "dependencies": { "queue-microtask": "^1.2.2" } }, "sha512-5l4VyZR86LZ/lDxZTR6jqL8AFE2S0IFLMP26AbjsLVADxHdhB/c0GUsH+y39UfCi3dzz8OlQuPmnaJOMoDHQBA=="],

    "s.color": ["s.color@0.0.15", "", {}, "sha512-AUNrbEUHeKY8XsYr/DYpl+qk5+aM+DChopnWOPEzn8YKzOhv4l2zH6LzZms3tOZP3wwdOyc0RmTciyi46HLIuA=="],

    "sade": ["sade@1.8.1", "", { "dependencies": { "mri": "^1.1.0" } }, "sha512-xal3CZX1Xlo/k4ApwCFrHVACi9fBqJ7V+mwhBsuf/1IOKbBy098Fex+Wa/5QMubw09pSZ/u8EY8PWgevJsXp1A=="],

    "sass-formatter": ["sass-formatter@0.7.9", "", { "dependencies": { "suf-log": "^2.5.3" } }, "sha512-CWZ8XiSim+fJVG0cFLStwDvft1VI7uvXdCNJYXhDvowiv+DsbD1nXLiQ4zrE5UBvj5DWZJ93cwN0NX5PMsr1Pw=="],

    "scheduler": ["scheduler@0.26.0", "", {}, "sha512-NlHwttCI/l5gCPR3D1nNXtWABUmBwvZpEQiD4IXSbIDq8BzLIK/7Ir5gTFSGZDUu37K5cMNp0hFtzO38sC7gWA=="],

    "sh-syntax": ["sh-syntax@0.5.8", "", { "dependencies": { "tslib": "^2.8.1" } }, "sha512-JfVoxf4FxQI5qpsPbkHhZo+n6N9YMJobyl4oGEUBb/31oQYlgTjkXQD8PBiafS2UbWoxrTO0Z5PJUBXEPAG1Zw=="],

    "slash": ["slash@3.0.0", "", {}, "sha512-g9Q1haeby36OSStwb4ntCGGGaKsaVSjQ68fBxoQcutl5fS1vuY18H3wSt3jFyFtrkx+Kz0V1G85A4MyAdDMi2Q=="],

    "source-map-js": ["source-map-js@1.2.1", "", {}, "sha512-UXWMKhLOwVKb728IUtQPXxfYU+usdybtUrK/8uGE8CQMvrhOpwvzDBwj0QhSL7MQc7vIsISBG8VQ8+IDQxpfQA=="],

    "strip-json-comments": ["strip-json-comments@5.0.2", "", {}, "sha512-4X2FR3UwhNUE9G49aIsJW5hRRR3GXGTBTZRMfv568O60ojM8HcWjV/VxAxCDW3SUND33O6ZY66ZuRcdkj73q2g=="],

    "suf-log": ["suf-log@2.5.3", "", { "dependencies": { "s.color": "0.0.15" } }, "sha512-KvC8OPjzdNOe+xQ4XWJV2whQA0aM1kGVczMQ8+dStAO6KfEB140JEVQ9dE76ONZ0/Ylf67ni4tILPJB41U0eow=="],

    "tailwindcss": ["tailwindcss@4.1.11", "", {}, "sha512-2E9TBm6MDD/xKYe+dvJZAmg3yxIEDNRc0jwlNyDg/4Fil2QcSLjFKGVff0lAf1jjeaArlG/M75Ey/EYr/OJtBA=="],

    "tapable": ["tapable@2.2.2", "", {}, "sha512-Re10+NauLTMCudc7T5WLFLAwDhQ0JWdrMK+9B2M8zR5hRExKmsRDCBA7/aV/pNJFltmBFO5BAMlQFi/vq3nKOg=="],

    "tar": ["tar@7.4.3", "", { "dependencies": { "@isaacs/fs-minipass": "^4.0.0", "chownr": "^3.0.0", "minipass": "^7.1.2", "minizlib": "^3.0.1", "mkdirp": "^3.0.1", "yallist": "^5.0.0" } }, "sha512-5S7Va8hKfV7W5U6g3aYxXmlPoZVAwUMy9AOKyF2fVuZa2UD3qZjg578OrLRt8PcNN1PleVaL/5/yYATNL0ICUw=="],

    "tinyglobby": ["tinyglobby@0.2.14", "", { "dependencies": { "fdir": "^6.4.4", "picomatch": "^4.0.2" } }, "sha512-tX5e7OM1HnYr2+a2C/4V0htOcSQcoSTH9KgJnVvNm5zm/cyEWKJ7j7YutsH9CxMdtOkkLFy2AHrMci9IM8IPZQ=="],

    "to-regex-range": ["to-regex-range@5.0.1", "", { "dependencies": { "is-number": "^7.0.0" } }, "sha512-65P7iz6X5yEr1cwcgvQxbbIw7Uk3gOy5dIdtZ4rDveLqhrdJP+Li/Hx6tyK0NEb+2GCyneCMJiGqrADCSNk8sQ=="],

    "tsc-alias": ["tsc-alias@1.8.16", "", { "dependencies": { "chokidar": "^3.5.3", "commander": "^9.0.0", "get-tsconfig": "^4.10.0", "globby": "^11.0.4", "mylas": "^2.1.9", "normalize-path": "^3.0.0", "plimit-lit": "^1.2.6" }, "bin": { "tsc-alias": "dist/bin/index.js" } }, "sha512-QjCyu55NFyRSBAl6+MTFwplpFcnm2Pq01rR/uxfqJoLMm6X3O14KEGtaSDZpJYaE1bJBGDjD0eSuiIWPe2T58g=="],

    "tslib": ["tslib@2.8.1", "", {}, "sha512-oJFu94HQb+KVduSUQL7wnpmqnfmLsOA/nAh6b6EH0wCEoK0/mPeXU6c3wKDV83MkOuHPRHtSXKKU99IBazS/2w=="],

    "typescript": ["typescript@5.8.3", "", { "bin": { "tsc": "bin/tsc", "tsserver": "bin/tsserver" } }, "sha512-p1diW6TqL9L07nNxvRMM7hMMw4c5XOo/1ibL4aAIGmSAt9slTE1Xgw5KWuof2uTOvCg9BY7ZRi+GaF+7sfgPeQ=="],

    "undici-types": ["undici-types@7.8.0", "", {}, "sha512-9UJ2xGDvQ43tYyVMpuHlsgApydB8ZKfVYTsLDhXkFL/6gfkp+U8xTGdh8pMJv1SpZna0zxG1DwsKZsreLbXBxw=="],

    "yallist": ["yallist@5.0.0", "", {}, "sha512-YgvUTfwqyc7UXVMrB+SImsVYSmTS8X/tSrtdNZMImM+n7+QTriRXyXim0mBrTXNeqzVF0KWGgHPeiyViFFrNDw=="],

    "@tailwindcss/oxide/detect-libc": ["detect-libc@2.0.4", "", {}, "sha512-3UDv+G9CsCKO1WKMGw9fwq/SWJYbI0c5Y7LU1AXYoDdbhE2AHQ6N6Nb34sG8Fj7T5APy8qXDCKuuIHd1BR0tVA=="],

    "@tailwindcss/oxide-wasm32-wasi/@emnapi/core": ["@emnapi/core@1.4.4", "", { "dependencies": { "@emnapi/wasi-threads": "1.0.3", "tslib": "^2.4.0" }, "bundled": true }, "sha512-A9CnAbC6ARNMKcIcrQwq6HeHCjpcBZ5wSx4U01WXCqEKlrzB9F9315WDNHkrs2xbx7YjjSxbUYxuN6EQzpcY2g=="],

    "@tailwindcss/oxide-wasm32-wasi/@emnapi/runtime": ["@emnapi/runtime@1.4.4", "", { "dependencies": { "tslib": "^2.4.0" }, "bundled": true }, "sha512-hHyapA4A3gPaDCNfiqyZUStTMqIkKRshqPIuDOXv1hcBnD4U3l8cP0T1HMCfGRxQ6V64TGCcoswChANyOAwbQg=="],

    "@tailwindcss/oxide-wasm32-wasi/@emnapi/wasi-threads": ["@emnapi/wasi-threads@1.0.3", "", { "dependencies": { "tslib": "^2.4.0" }, "bundled": true }, "sha512-8K5IFFsQqF9wQNJptGbS6FNKgUTsSRYnTqNCG1vPP8jFdjSv18n2mQfJpkt2Oibo9iBEzcDnDxNwKTzC7svlJw=="],

    "@tailwindcss/oxide-wasm32-wasi/@napi-rs/wasm-runtime": ["@napi-rs/wasm-runtime@0.2.12", "", { "dependencies": { "@emnapi/core": "^1.4.3", "@emnapi/runtime": "^1.4.3", "@tybys/wasm-util": "^0.10.0" }, "bundled": true }, "sha512-ZVWUcfwY4E/yPitQJl481FjFo3K22D6qF0DuFH6Y/nbnE11GY5uguDxZMGXPQ8WQ0128MXQD7TnfHyK4oWoIJQ=="],

    "@tailwindcss/oxide-wasm32-wasi/@tybys/wasm-util": ["@tybys/wasm-util@0.9.0", "", { "dependencies": { "tslib": "^2.4.0" }, "bundled": true }, "sha512-6+7nlbMVX/PVDCwaIQ8nTOPveOcFLSt8GcXdx8hD0bt39uWxYT88uXzqTd4fTvqta7oeUJqudepapKNt2DYJFw=="],

    "@tailwindcss/oxide-wasm32-wasi/tslib": ["tslib@2.8.1", "", { "bundled": true }, "sha512-oJFu94HQb+KVduSUQL7wnpmqnfmLsOA/nAh6b6EH0wCEoK0/mPeXU6c3wKDV83MkOuHPRHtSXKKU99IBazS/2w=="],

    "anymatch/picomatch": ["picomatch@2.3.1", "", {}, "sha512-JU3teHTNjmE2VCGFzuY8EXzCDVwEqB2a8fsIvwaStHhAWJEeVd1o1QD80CU6+ZdEXXSLbSsuLwJjkCBWqRQUVA=="],

    "lightningcss/detect-libc": ["detect-libc@2.0.4", "", {}, "sha512-3UDv+G9CsCKO1WKMGw9fwq/SWJYbI0c5Y7LU1AXYoDdbhE2AHQ6N6Nb34sG8Fj7T5APy8qXDCKuuIHd1BR0tVA=="],

    "micromatch/picomatch": ["picomatch@2.3.1", "", {}, "sha512-JU3teHTNjmE2VCGFzuY8EXzCDVwEqB2a8fsIvwaStHhAWJEeVd1o1QD80CU6+ZdEXXSLbSsuLwJjkCBWqRQUVA=="],

    "readdirp/picomatch": ["picomatch@2.3.1", "", {}, "sha512-JU3teHTNjmE2VCGFzuY8EXzCDVwEqB2a8fsIvwaStHhAWJEeVd1o1QD80CU6+ZdEXXSLbSsuLwJjkCBWqRQUVA=="],

    "@tailwindcss/oxide-wasm32-wasi/@napi-rs/wasm-runtime/@tybys/wasm-util": ["@tybys/wasm-util@0.10.0", "", { "dependencies": { "tslib": "^2.4.0" } }, "sha512-VyyPYFlOMNylG45GoAe0xDoLwWuowvf92F9kySqzYh8vmYm7D2u4iUJKa1tOUpS70Ku13ASrOkS4ScXFsTaCNQ=="],
  }
}
